
Microsoft Visual Studio Solution File, Format Version 12.00
# Visual Studio Version 17
VisualStudioVersion = 17.14.36603.0 d17.14
MinimumVisualStudioVersion = 10.0.40219.1
Project("{54A90642-561A-4BB1-A94E-469ADEE60C69}") = "habittracker.client", "habittracker.client\habittracker.client.esproj", "{417C65D2-EBB8-32CB-18D4-594AF480499E}"
EndProject
Project("{FAE04EC0-301F-11D3-BF4B-00C04F79EFBC}") = "HabitTracker.Server", "HabitTracker.Server\HabitTracker.Server.csproj", "{2A26CFF1-8CBB-48C7-9BF8-C0D6FECDD4BA}"
EndProject
Global
	GlobalSection(SolutionConfigurationPlatforms) = preSolution
		Debug|Any CPU = Debug|Any CPU
		Release|Any CPU = Release|Any CPU
	EndGlobalSection
	GlobalSection(ProjectConfigurationPlatforms) = postSolution
		{417C65D2-EBB8-32CB-18D4-594AF480499E}.Debug|Any CPU.ActiveCfg = Debug|Any CPU
		{417C65D2-EBB8-32CB-18D4-594AF480499E}.Debug|Any CPU.Build.0 = Debug|Any CPU
		{417C65D2-EBB8-32CB-18D4-594AF480499E}.Debug|Any CPU.Deploy.0 = Debug|Any CPU
		{417C65D2-EBB8-32CB-18D4-594AF480499E}.Release|Any CPU.ActiveCfg = Release|Any CPU
		{417C65D2-EBB8-32CB-18D4-594AF480499E}.Release|Any CPU.Build.0 = Release|Any CPU
		{417C65D2-EBB8-32CB-18D4-594AF480499E}.Release|Any CPU.Deploy.0 = Release|Any CPU
		{2A26CFF1-8CBB-48C7-9BF8-C0D6FECDD4BA}.Debug|Any CPU.ActiveCfg = Debug|Any CPU
		{2A26CFF1-8CBB-48C7-9BF8-C0D6FECDD4BA}.Debug|Any CPU.Build.0 = Debug|Any CPU
		{2A26CFF1-8CBB-48C7-9BF8-C0D6FECDD4BA}.Release|Any CPU.ActiveCfg = Release|Any CPU
		{2A26CFF1-8CBB-48C7-9BF8-C0D6FECDD4BA}.Release|Any CPU.Build.0 = Release|Any CPU
	EndGlobalSection
	GlobalSection(SolutionProperties) = preSolution
		HideSolutionNode = FALSE
	EndGlobalSection
	GlobalSection(ExtensibilityGlobals) = postSolution
		SolutionGuid = {818E888C-98FF-47D5-85CC-3AAE7FACFB86}
	EndGlobalSection
EndGlobal
